// !$*UTF8*$!
{
	archiveVersion = 1;
	classes = {
	};
	objectVersion = 46;
	objects = {

/* Begin PBXBuildFile section */
		8620CA461DF77318003A165E /* AppDelegate.swift in Sources */ = {isa = PBXBuildFile; fileRef = 8620CA451DF77318003A165E /* AppDelegate.swift */; };
		8620CA4B1DF77318003A165E /* Main.storyboard in Resources */ = {isa = PBXBuildFile; fileRef = 8620CA491DF77318003A165E /* Main.storyboard */; };
		8620CA4D1DF77318003A165E /* Assets.xcassets in Resources */ = {isa = PBXBuildFile; fileRef = 8620CA4C1DF77318003A165E /* Assets.xcassets */; };
		8620CA501DF77318003A165E /* LaunchScreen.storyboard in Resources */ = {isa = PBXBuildFile; fileRef = 8620CA4E1DF77318003A165E /* LaunchScreen.storyboard */; };
		8677E3821DFAC47B00AFBCF7 /* PickYourCharacterViewController.swift in Sources */ = {isa = PBXBuildFile; fileRef = 8677E3811DFAC47B00AFBCF7 /* PickYourCharacterViewController.swift */; };
		8677E3841DFAC58C00AFBCF7 /* BrushTeethViewController.swift in Sources */ = {isa = PBXBuildFile; fileRef = 8677E3831DFAC58C00AFBCF7 /* BrushTeethViewController.swift */; };
/* End PBXBuildFile section */

/* Begin PBXFileReference section */
		8620CA421DF77318003A165E /* Toothbrush Tunes.app */ = {isa = PBXFileReference; explicitFileType = wrapper.application; includeInIndex = 0; path = "Toothbrush Tunes.app"; sourceTree = BUILT_PRODUCTS_DIR; };
		8620CA451DF77318003A165E /* AppDelegate.swift */ = {isa = PBXFileReference; lastKnownFileType = sourcecode.swift; path = AppDelegate.swift; sourceTree = "<group>"; };
		8620CA4A1DF77318003A165E /* Base */ = {isa = PBXFileReference; lastKnownFileType = file.storyboard; name = Base; path = Base.lproj/Main.storyboard; sourceTree = "<group>"; };
		8620CA4C1DF77318003A165E /* Assets.xcassets */ = {isa = PBXFileReference; lastKnownFileType = folder.assetcatalog; path = Assets.xcassets; sourceTree = "<group>"; };
		8620CA4F1DF77318003A165E /* Base */ = {isa = PBXFileReference; lastKnownFileType = file.storyboard; name = Base; path = Base.lproj/LaunchScreen.storyboard; sourceTree = "<group>"; };
		8620CA511DF77318003A165E /* Info.plist */ = {isa = PBXFileReference; lastKnownFileType = text.plist.xml; path = Info.plist; sourceTree = "<group>"; };
		8677E3811DFAC47B00AFBCF7 /* PickYourCharacterViewController.swift */ = {isa = PBXFileReference; fileEncoding = 4; lastKnownFileType = sourcecode.swift; path = PickYourCharacterViewController.swift; sourceTree = "<group>"; };
		8677E3831DFAC58C00AFBCF7 /* BrushTeethViewController.swift */ = {isa = PBXFileReference; fileEncoding = 4; lastKnownFileType = sourcecode.swift; path = BrushTeethViewController.swift; sourceTree = "<group>"; };
/* End PBXFileReference section */

/* Begin PBXFrameworksBuildPhase section */
		8620CA3F1DF77318003A165E /* Frameworks */ = {
			isa = PBXFrameworksBuildPhase;
			buildActionMask = 2147483647;
			files = (
			);
			runOnlyForDeploymentPostprocessing = 0;
		};
/* End PBXFrameworksBuildPhase section */

/* Begin PBXGroup section */
		8620CA391DF77318003A165E = {
			isa = PBXGroup;
			children = (
				8620CA441DF77318003A165E /* Toothbrush Tunes */,
				8620CA431DF77318003A165E /* Products */,
			);
			sourceTree = "<group>";
		};
		8620CA431DF77318003A165E /* Products */ = {
			isa = PBXGroup;
			children = (
				8620CA421DF77318003A165E /* Toothbrush Tunes.app */,
			);
			name = Products;
			sourceTree = "<group>";
		};
		8620CA441DF77318003A165E /* Toothbrush Tunes */ = {
			isa = PBXGroup;
			children = (
				8620CA451DF77318003A165E /* AppDelegate.swift */,
				8620CA491DF77318003A165E /* Main.storyboard */,
				8620CA4C1DF77318003A165E /* Assets.xcassets */,
				8620CA4E1DF77318003A165E /* LaunchScreen.storyboard */,
				8620CA511DF77318003A165E /* Info.plist */,
				8677E3811DFAC47B00AFBCF7 /* PickYourCharacterViewController.swift */,
				8677E3831DFAC58C00AFBCF7 /* BrushTeethViewController.swift */,
			);
			path = "Toothbrush Tunes";
			sourceTree = "<group>";
		};
/* End PBXGroup section */

/* Begin PBXNativeTarget section */
		8620CA411DF77318003A165E /* Toothbrush Tunes */ = {
			isa = PBXNativeTarget;
			buildConfigurationList = 8620CA541DF77318003A165E /* Build configuration list for PBXNativeTarget "Toothbrush Tunes" */;
			buildPhases = (
				8620CA3E1DF77318003A165E /* Sources */,
				8620CA3F1DF77318003A165E /* Frameworks */,
				8620CA401DF77318003A165E /* Resources */,
			);
			buildRules = (
			);
			dependencies = (
			);
			name = "Toothbrush Tunes";
			productName = "Toothbrush Tunes";
			productReference = 8620CA421DF77318003A165E /* Toothbrush Tunes.app */;
			productType = "com.apple.product-type.application";
		};
/* End PBXNativeTarget section */

/* Begin PBXProject section */
		8620CA3A1DF77318003A165E /* Project object */ = {
			isa = PBXProject;
			attributes = {
				LastSwiftUpdateCheck = 0810;
				LastUpgradeCheck = 0830;
				ORGANIZATIONNAME = "Frederik Roenn";
				TargetAttributes = {
					8620CA411DF77318003A165E = {
						CreatedOnToolsVersion = 8.1;
						DevelopmentTeam = SF3TA4L676;
						ProvisioningStyle = Automatic;
					};
				};
			};
			buildConfigurationList = 8620CA3D1DF77318003A165E /* Build configuration list for PBXProject "Toothbrush Tunes" */;
			compatibilityVersion = "Xcode 3.2";
			developmentRegion = English;
			hasScannedForEncodings = 0;
			knownRegions = (
				en,
				Base,
			);
			mainGroup = 8620CA391DF77318003A165E;
			productRefGroup = 8620CA431DF77318003A165E /* Products */;
			projectDirPath = "";
			projectRoot = "";
			targets = (
				8620CA411DF77318003A165E /* Toothbrush Tunes */,
			);
		};
/* End PBXProject section */

/* Begin PBXResourcesBuildPhase section */
		8620CA401DF77318003A165E /* Resources */ = {
			isa = PBXResourcesBuildPhase;
			buildActionMask = 2147483647;
			files = (
				8620CA501DF77318003A165E /* LaunchScreen.storyboard in Resources */,
				8620CA4D1DF77318003A165E /* Assets.xcassets in Resources */,
				8620CA4B1DF77318003A165E /* Main.storyboard in Resources */,
			);
			runOnlyForDeploymentPostprocessing = 0;
		};
/* End PBXResourcesBuildPhase section */

/* Begin PBXSourcesBuildPhase section */
		8620CA3E1DF77318003A165E /* Sources */ = {
			isa = PBXSourcesBuildPhase;
			buildActionMask = 2147483647;
			files = (
				8677E3821DFAC47B00AFBCF7 /* PickYourCharacterViewController.swift in Sources */,
				8677E3841DFAC58C00AFBCF7 /* BrushTeethViewController.swift in Sources */,
				8620CA461DF77318003A165E /* AppDelegate.swift in Sources */,
			);
			runOnlyForDeploymentPostprocessing = 0;
		};
/* End PBXSourcesBuildPhase section */

/* Begin PBXVariantGroup section */
		8620CA491DF77318003A165E /* Main.storyboard */ = {
			isa = PBXVariantGroup;
			children = (
				8620CA4A1DF77318003A165E /* Base */,
			);
			name = Main.storyboard;
			sourceTree = "<group>";
		};
		8620CA4E1DF77318003A165E /* LaunchScreen.storyboard */ = {
			isa = PBXVariantGroup;
			children = (
				8620CA4F1DF77318003A165E /* Base */,
			);
			name = LaunchScreen.storyboard;
			sourceTree = "<group>";
		};
/* End PBXVariantGroup section */

/* Begin XCBuildConfiguration section */
		8620CA521DF77318003A165E /* Debug */ = {
			isa = XCBuildConfiguration;
			buildSettings = {
				ALWAYS_SEARCH_USER_PATHS = NO;
				CLANG_ANALYZER_NONNULL = YES;
				CLANG_CXX_LANGUAGE_STANDARD = "gnu++0x";
				CLANG_CXX_LIBRARY = "libc++";
				CLANG_ENABLE_MODULES = YES;
				CLANG_ENABLE_OBJC_ARC = YES;
				CLANG_WARN_BOOL_CONVERSION = YES;
				CLANG_WARN_CONSTANT_CONVERSION = YES;
				CLANG_WARN_DIRECT_OBJC_ISA_USAGE = YES_ERROR;
				CLANG_WARN_DOCUMENTATION_COMMENTS = YES;
				CLANG_WARN_EMPTY_BODY = YES;
				CLANG_WARN_ENUM_CONVERSION = YES;
				CLANG_WARN_INFINITE_RECURSION = YES;
				CLANG_WARN_INT_CONVERSION = YES;
				CLANG_WARN_OBJC_ROOT_CLASS = YES_ERROR;
				CLANG_WARN_SUSPICIOUS_MOVE = YES;
				CLANG_WARN_SUSPICIOUS_MOVES = YES;
				CLANG_WARN_UNREACHABLE_CODE = YES;
				CLANG_WARN__DUPLICATE_METHOD_MATCH = YES;
				CODE_SIGN_IDENTITY = "iPhone Developer";
				"CODE_SIGN_IDENTITY[sdk=iphoneos*]" = "iPhone Developer";
				COPY_PHASE_STRIP = NO;
				DEBUG_INFORMATION_FORMAT = dwarf;
				DEVELOPMENT_TEAM = SF3TA4L676;
				ENABLE_STRICT_OBJC_MSGSEND = YES;
				ENABLE_TESTABILITY = YES;
				GCC_C_LANGUAGE_STANDARD = gnu99;
				GCC_DYNAMIC_NO_PIC = NO;
				GCC_NO_COMMON_BLOCKS = YES;
				GCC_OPTIMIZATION_LEVEL = 0;
				GCC_PREPROCESSOR_DEFINITIONS = (
					"DEBUG=1",
					"$(inherited)",
				);
				GCC_WARN_64_TO_32_BIT_CONVERSION = YES;
				GCC_WARN_ABOUT_RETURN_TYPE = YES_ERROR;
				GCC_WARN_UNDECLARED_SELECTOR = YES;
				GCC_WARN_UNINITIALIZED_AUTOS = YES_AGGRESSIVE;
				GCC_WARN_UNUSED_FUNCTION = YES;
				GCC_WARN_UNUSED_VARIABLE = YES;
				IPHONEOS_DEPLOYMENT_TARGET = 9.0;
				MTL_ENABLE_DEBUG_INFO = YES;
				ONLY_ACTIVE_ARCH = YES;
				SDKROOT = iphoneos;
				SWIFT_ACTIVE_COMPILATION_CONDITIONS = DEBUG;
				SWIFT_OPTIMIZATION_LEVEL = "-Onone";
			};
			name = Debug;
		};
		8620CA531DF77318003A165E /* Release */ = {
			isa = XCBuildConfiguration;
			buildSettings = {
				ALWAYS_SEARCH_USER_PATHS = NO;
				CLANG_ANALYZER_NONNULL = YES;
				CLANG_CXX_LANGUAGE_STANDARD = "gnu++0x";
				CLANG_CXX_LIBRARY = "libc++";
				CLANG_ENABLE_MODULES = YES;
				CLANG_ENABLE_OBJC_ARC = YES;
				CLANG_WARN_BOOL_CONVERSION = YES;
				CLANG_WARN_CONSTANT_CONVERSION = YES;
				CLANG_WARN_DIRECT_OBJC_ISA_USAGE = YES_ERROR;
				CLANG_WARN_DOCUMENTATION_COMMENTS = YES;
				CLANG_WARN_EMPTY_BODY = YES;
				CLANG_WARN_ENUM_CONVERSION = YES;
				CLANG_WARN_INFINITE_RECURSION = YES;
				CLANG_WARN_INT_CONVERSION = YES;
				CLANG_WARN_OBJC_ROOT_CLASS = YES_ERROR;
				CLANG_WARN_SUSPICIOUS_MOVE = YES;
				CLANG_WARN_SUSPICIOUS_MOVES = YES;
				CLANG_WARN_UNREACHABLE_CODE = YES;
				CLANG_WARN__DUPLICATE_METHOD_MATCH = YES;
				CODE_SIGN_IDENTITY = "iPhone Distribution";
				"CODE_SIGN_IDENTITY[sdk=iphoneos*]" = "iPhone Distribution";
				COPY_PHASE_STRIP = NO;
				DEBUG_INFORMATION_FORMAT = "dwarf-with-dsym";
				DEVELOPMENT_TEAM = SF3TA4L676;
				ENABLE_NS_ASSERTIONS = NO;
				ENABLE_STRICT_OBJC_MSGSEND = YES;
				GCC_C_LANGUAGE_STANDARD = gnu99;
				GCC_NO_COMMON_BLOCKS = YES;
				GCC_WARN_64_TO_32_BIT_CONVERSION = YES;
				GCC_WARN_ABOUT_RETURN_TYPE = YES_ERROR;
				GCC_WARN_UNDECLARED_SELECTOR = YES;
				GCC_WARN_UNINITIALIZED_AUTOS = YES_AGGRESSIVE;
				GCC_WARN_UNUSED_FUNCTION = YES;
				GCC_WARN_UNUSED_VARIABLE = YES;
				IPHONEOS_DEPLOYMENT_TARGET = 9.0;
				MTL_ENABLE_DEBUG_INFO = NO;
				SDKROOT = iphoneos;
				SWIFT_OPTIMIZATION_LEVEL = "-Owholemodule";
				VALIDATE_PRODUCT = YES;
			};
			name = Release;
		};
		8620CA551DF77318003A165E /* Debug */ = {
			isa = XCBuildConfiguration;
			buildSettings = {
				ASSETCATALOG_COMPILER_APPICON_NAME = AppIcon;
				CODE_SIGN_IDENTITY = "iPhone Developer";
				"CODE_SIGN_IDENTITY[sdk=iphoneos*]" = "iPhone Developer";
				DEVELOPMENT_TEAM = SF3TA4L676;
				INFOPLIST_FILE = "Toothbrush Tunes/Info.plist";
				IPHONEOS_DEPLOYMENT_TARGET = 9.0;
				LD_RUNPATH_SEARCH_PATHS = "$(inherited) @executable_path/Frameworks";
				PRODUCT_BUNDLE_IDENTIFIER = com.stensaethf.ToothbrushTunes;
				PRODUCT_NAME = "$(TARGET_NAME)";
				PROVISIONING_PROFILE_SPECIFIER = "";
				SWIFT_VERSION = 3.0;
			};
			name = Debug;
		};
		8620CA561DF77318003A165E /* Release */ = {
			isa = XCBuildConfiguration;
			buildSettings = {
				ASSETCATALOG_COMPILER_APPICON_NAME = AppIcon;
				CODE_SIGN_IDENTITY = "iPhone Distribution";
				"CODE_SIGN_IDENTITY[sdk=iphoneos*]" = "iPhone Developer";
				DEVELOPMENT_TEAM = SF3TA4L676;
				INFOPLIST_FILE = "Toothbrush Tunes/Info.plist";
				IPHONEOS_DEPLOYMENT_TARGET = 9.0;
				LD_RUNPATH_SEARCH_PATHS = "$(inherited) @executable_path/Frameworks";
				PRODUCT_BUNDLE_IDENTIFIER = com.stensaethf.ToothbrushTunes;
				PRODUCT_NAME = "$(TARGET_NAME)";
				PROVISIONING_PROFILE_SPECIFIER = "";
				SWIFT_VERSION = 3.0;
			};
			name = Release;
		};
/* End XCBuildConfiguration section */

/* Begin XCConfigurationList section */
		8620CA3D1DF77318003A165E /* Build configuration list for PBXProject "Toothbrush Tunes" */ = {
			isa = XCConfigurationList;
			buildConfigurations = (
				8620CA521DF77318003A165E /* Debug */,
				8620CA531DF77318003A165E /* Release */,
			);
			defaultConfigurationIsVisible = 0;
			defaultConfigurationName = Release;
		};
		8620CA541DF77318003A165E /* Build configuration list for PBXNativeTarget "Toothbrush Tunes" */ = {
			isa = XCConfigurationList;
			buildConfigurations = (
				8620CA551DF77318003A165E /* Debug */,
				8620CA561DF77318003A165E /* Release */,
			);
			defaultConfigurationIsVisible = 0;
			defaultConfigurationName = Release;
		};
/* End XCConfigurationList section */
	};
	rootObject = 8620CA3A1DF77318003A165E /* Project object */;
}
